// !$*UTF8*$!
{
	archiveVersion = 1;
	classes = {
	};
	objectVersion = 56;
	objects = {

/* Begin PBXBuildFile section */
		EF9626672A5D75F300779FD6 /* HealthKitStudyApp.swift in Sources */ = {isa = PBXBuildFile; fileRef = EF9626662A5D75F300779FD6 /* HealthKitStudyApp.swift */; };
		EF9626692A5D75F300779FD6 /* StartView.swift in Sources */ = {isa = PBXBuildFile; fileRef = EF9626682A5D75F300779FD6 /* StartView.swift */; };
		EF96266B2A5D75F400779FD6 /* Assets.xcassets in Resources */ = {isa = PBXBuildFile; fileRef = EF96266A2A5D75F400779FD6 /* Assets.xcassets */; };
		EF96266E2A5D75F400779FD6 /* Preview Assets.xcassets in Resources */ = {isa = PBXBuildFile; fileRef = EF96266D2A5D75F400779FD6 /* Preview Assets.xcassets */; };
		EF9626752A5D79D000779FD6 /* SessionPagingView.swift in Sources */ = {isa = PBXBuildFile; fileRef = EF9626742A5D79D000779FD6 /* SessionPagingView.swift */; };
		EF9626772A5D7A8600779FD6 /* MetricsView.swift in Sources */ = {isa = PBXBuildFile; fileRef = EF9626762A5D7A8600779FD6 /* MetricsView.swift */; };
		EF9626792A5D801700779FD6 /* ElapsedTimeView.swift in Sources */ = {isa = PBXBuildFile; fileRef = EF9626782A5D801700779FD6 /* ElapsedTimeView.swift */; };
		EF96267B2A5D8D7000779FD6 /* ControlsView.swift in Sources */ = {isa = PBXBuildFile; fileRef = EF96267A2A5D8D7000779FD6 /* ControlsView.swift */; };
		EF96267D2A5D8E6D00779FD6 /* SummaryView.swift in Sources */ = {isa = PBXBuildFile; fileRef = EF96267C2A5D8E6D00779FD6 /* SummaryView.swift */; };
		EF96267F2A5D921A00779FD6 /* ActivityRingsView.swift in Sources */ = {isa = PBXBuildFile; fileRef = EF96267E2A5D921A00779FD6 /* ActivityRingsView.swift */; };
		EF9626812A5D998900779FD6 /* WorkoutManager.swift in Sources */ = {isa = PBXBuildFile; fileRef = EF9626802A5D998900779FD6 /* WorkoutManager.swift */; };
/* End PBXBuildFile section */

/* Begin PBXFileReference section */
		EF9626632A5D75F300779FD6 /* HealthKitStudy Watch App.app */ = {isa = PBXFileReference; explicitFileType = wrapper.application; includeInIndex = 0; path = "HealthKitStudy Watch App.app"; sourceTree = BUILT_PRODUCTS_DIR; };
		EF9626662A5D75F300779FD6 /* HealthKitStudyApp.swift */ = {isa = PBXFileReference; lastKnownFileType = sourcecode.swift; path = HealthKitStudyApp.swift; sourceTree = "<group>"; };
		EF9626682A5D75F300779FD6 /* StartView.swift */ = {isa = PBXFileReference; lastKnownFileType = sourcecode.swift; path = StartView.swift; sourceTree = "<group>"; };
		EF96266A2A5D75F400779FD6 /* Assets.xcassets */ = {isa = PBXFileReference; lastKnownFileType = folder.assetcatalog; path = Assets.xcassets; sourceTree = "<group>"; };
		EF96266D2A5D75F400779FD6 /* Preview Assets.xcassets */ = {isa = PBXFileReference; lastKnownFileType = folder.assetcatalog; path = "Preview Assets.xcassets"; sourceTree = "<group>"; };
		EF9626742A5D79D000779FD6 /* SessionPagingView.swift */ = {isa = PBXFileReference; lastKnownFileType = sourcecode.swift; path = SessionPagingView.swift; sourceTree = "<group>"; };
		EF9626762A5D7A8600779FD6 /* MetricsView.swift */ = {isa = PBXFileReference; lastKnownFileType = sourcecode.swift; path = MetricsView.swift; sourceTree = "<group>"; };
		EF9626782A5D801700779FD6 /* ElapsedTimeView.swift */ = {isa = PBXFileReference; lastKnownFileType = sourcecode.swift; path = ElapsedTimeView.swift; sourceTree = "<group>"; };
		EF96267A2A5D8D7000779FD6 /* ControlsView.swift */ = {isa = PBXFileReference; lastKnownFileType = sourcecode.swift; path = ControlsView.swift; sourceTree = "<group>"; };
		EF96267C2A5D8E6D00779FD6 /* SummaryView.swift */ = {isa = PBXFileReference; lastKnownFileType = sourcecode.swift; path = SummaryView.swift; sourceTree = "<group>"; };
		EF96267E2A5D921A00779FD6 /* ActivityRingsView.swift */ = {isa = PBXFileReference; lastKnownFileType = sourcecode.swift; path = ActivityRingsView.swift; sourceTree = "<group>"; };
		EF9626802A5D998900779FD6 /* WorkoutManager.swift */ = {isa = PBXFileReference; lastKnownFileType = sourcecode.swift; path = WorkoutManager.swift; sourceTree = "<group>"; };
		EF9626822A5D9FE500779FD6 /* HealthKitStudy Watch App.entitlements */ = {isa = PBXFileReference; lastKnownFileType = text.plist.entitlements; path = "HealthKitStudy Watch App.entitlements"; sourceTree = "<group>"; };
		EF9626832A5D9FFB00779FD6 /* HealthKitStudy-Watch-App-Info.plist */ = {isa = PBXFileReference; lastKnownFileType = text.plist; path = "HealthKitStudy-Watch-App-Info.plist"; sourceTree = SOURCE_ROOT; };
/* End PBXFileReference section */

/* Begin PBXFrameworksBuildPhase section */
		EF9626602A5D75F300779FD6 /* Frameworks */ = {
			isa = PBXFrameworksBuildPhase;
			buildActionMask = 2147483647;
			files = (
			);
			runOnlyForDeploymentPostprocessing = 0;
		};
/* End PBXFrameworksBuildPhase section */

/* Begin PBXGroup section */
		EF96265A2A5D75F300779FD6 = {
			isa = PBXGroup;
			children = (
				EF9626652A5D75F300779FD6 /* HealthKitStudy Watch App */,
				EF9626642A5D75F300779FD6 /* Products */,
			);
			sourceTree = "<group>";
		};
		EF9626642A5D75F300779FD6 /* Products */ = {
			isa = PBXGroup;
			children = (
				EF9626632A5D75F300779FD6 /* HealthKitStudy Watch App.app */,
			);
			name = Products;
			sourceTree = "<group>";
		};
		EF9626652A5D75F300779FD6 /* HealthKitStudy Watch App */ = {
			isa = PBXGroup;
			children = (
				EF9626832A5D9FFB00779FD6 /* HealthKitStudy-Watch-App-Info.plist */,
				EF9626822A5D9FE500779FD6 /* HealthKitStudy Watch App.entitlements */,
				EF9626662A5D75F300779FD6 /* HealthKitStudyApp.swift */,
				EF9626682A5D75F300779FD6 /* StartView.swift */,
				EF9626742A5D79D000779FD6 /* SessionPagingView.swift */,
				EF9626762A5D7A8600779FD6 /* MetricsView.swift */,
				EF9626782A5D801700779FD6 /* ElapsedTimeView.swift */,
				EF96267A2A5D8D7000779FD6 /* ControlsView.swift */,
				EF96267C2A5D8E6D00779FD6 /* SummaryView.swift */,
				EF96267E2A5D921A00779FD6 /* ActivityRingsView.swift */,
				EF9626802A5D998900779FD6 /* WorkoutManager.swift */,
				EF96266A2A5D75F400779FD6 /* Assets.xcassets */,
				EF96266C2A5D75F400779FD6 /* Preview Content */,
			);
			path = "HealthKitStudy Watch App";
			sourceTree = "<group>";
		};
		EF96266C2A5D75F400779FD6 /* Preview Content */ = {
			isa = PBXGroup;
			children = (
				EF96266D2A5D75F400779FD6 /* Preview Assets.xcassets */,
			);
			path = "Preview Content";
			sourceTree = "<group>";
		};
/* End PBXGroup section */

/* Begin PBXNativeTarget section */
		EF9626622A5D75F300779FD6 /* HealthKitStudy Watch App */ = {
			isa = PBXNativeTarget;
			buildConfigurationList = EF9626712A5D75F400779FD6 /* Build configuration list for PBXNativeTarget "HealthKitStudy Watch App" */;
			buildPhases = (
				EF96265F2A5D75F300779FD6 /* Sources */,
				EF9626602A5D75F300779FD6 /* Frameworks */,
				EF9626612A5D75F300779FD6 /* Resources */,
			);
			buildRules = (
			);
			dependencies = (
			);
			name = "HealthKitStudy Watch App";
			productName = "HealthKitStudy Watch App";
			productReference = EF9626632A5D75F300779FD6 /* HealthKitStudy Watch App.app */;
			productType = "com.apple.product-type.application";
		};
/* End PBXNativeTarget section */

/* Begin PBXProject section */
		EF96265B2A5D75F300779FD6 /* Project object */ = {
			isa = PBXProject;
			attributes = {
				BuildIndependentTargetsInParallel = 1;
				LastSwiftUpdateCheck = 1430;
				LastUpgradeCheck = 1430;
				TargetAttributes = {
					EF9626622A5D75F300779FD6 = {
						CreatedOnToolsVersion = 14.3;
					};
				};
			};
			buildConfigurationList = EF96265E2A5D75F300779FD6 /* Build configuration list for PBXProject "HealthKitStudy" */;
			compatibilityVersion = "Xcode 14.0";
			developmentRegion = en;
			hasScannedForEncodings = 0;
			knownRegions = (
				en,
				Base,
			);
			mainGroup = EF96265A2A5D75F300779FD6;
			productRefGroup = EF9626642A5D75F300779FD6 /* Products */;
			projectDirPath = "";
			projectRoot = "";
			targets = (
				EF9626622A5D75F300779FD6 /* HealthKitStudy Watch App */,
			);
		};
/* End PBXProject section */

/* Begin PBXResourcesBuildPhase section */
		EF9626612A5D75F300779FD6 /* Resources */ = {
			isa = PBXResourcesBuildPhase;
			buildActionMask = 2147483647;
			files = (
				EF96266E2A5D75F400779FD6 /* Preview Assets.xcassets in Resources */,
				EF96266B2A5D75F400779FD6 /* Assets.xcassets in Resources */,
			);
			runOnlyForDeploymentPostprocessing = 0;
		};
/* End PBXResourcesBuildPhase section */

/* Begin PBXSourcesBuildPhase section */
		EF96265F2A5D75F300779FD6 /* Sources */ = {
			isa = PBXSourcesBuildPhase;
			buildActionMask = 2147483647;
			files = (
				EF9626692A5D75F300779FD6 /* StartView.swift in Sources */,
				EF96267D2A5D8E6D00779FD6 /* SummaryView.swift in Sources */,
				EF9626812A5D998900779FD6 /* WorkoutManager.swift in Sources */,
				EF9626672A5D75F300779FD6 /* HealthKitStudyApp.swift in Sources */,
				EF9626792A5D801700779FD6 /* ElapsedTimeView.swift in Sources */,
				EF9626772A5D7A8600779FD6 /* MetricsView.swift in Sources */,
				EF96267F2A5D921A00779FD6 /* ActivityRingsView.swift in Sources */,
				EF96267B2A5D8D7000779FD6 /* ControlsView.swift in Sources */,
				EF9626752A5D79D000779FD6 /* SessionPagingView.swift in Sources */,
			);
			runOnlyForDeploymentPostprocessing = 0;
		};
/* End PBXSourcesBuildPhase section */

/* Begin XCBuildConfiguration section */
		EF96266F2A5D75F400779FD6 /* Debug */ = {
			isa = XCBuildConfiguration;
			buildSettings = {
				ALWAYS_SEARCH_USER_PATHS = NO;
				CLANG_ANALYZER_NONNULL = YES;
				CLANG_ANALYZER_NUMBER_OBJECT_CONVERSION = YES_AGGRESSIVE;
				CLANG_CXX_LANGUAGE_STANDARD = "gnu++20";
				CLANG_ENABLE_MODULES = YES;
				CLANG_ENABLE_OBJC_ARC = YES;
				CLANG_ENABLE_OBJC_WEAK = YES;
				CLANG_WARN_BLOCK_CAPTURE_AUTORELEASING = YES;
				CLANG_WARN_BOOL_CONVERSION = YES;
				CLANG_WARN_COMMA = YES;
				CLANG_WARN_CONSTANT_CONVERSION = YES;
				CLANG_WARN_DEPRECATED_OBJC_IMPLEMENTATIONS = YES;
				CLANG_WARN_DIRECT_OBJC_ISA_USAGE = YES_ERROR;
				CLANG_WARN_DOCUMENTATION_COMMENTS = YES;
				CLANG_WARN_EMPTY_BODY = YES;
				CLANG_WARN_ENUM_CONVERSION = YES;
				CLANG_WARN_INFINITE_RECURSION = YES;
				CLANG_WARN_INT_CONVERSION = YES;
				CLANG_WARN_NON_LITERAL_NULL_CONVERSION = YES;
				CLANG_WARN_OBJC_IMPLICIT_RETAIN_SELF = YES;
				CLANG_WARN_OBJC_LITERAL_CONVERSION = YES;
				CLANG_WARN_OBJC_ROOT_CLASS = YES_ERROR;
				CLANG_WARN_QUOTED_INCLUDE_IN_FRAMEWORK_HEADER = YES;
				CLANG_WARN_RANGE_LOOP_ANALYSIS = YES;
				CLANG_WARN_STRICT_PROTOTYPES = YES;
				CLANG_WARN_SUSPICIOUS_MOVE = YES;
				CLANG_WARN_UNGUARDED_AVAILABILITY = YES_AGGRESSIVE;
				CLANG_WARN_UNREACHABLE_CODE = YES;
				CLANG_WARN__DUPLICATE_METHOD_MATCH = YES;
				COPY_PHASE_STRIP = NO;
				DEBUG_INFORMATION_FORMAT = dwarf;
				ENABLE_STRICT_OBJC_MSGSEND = YES;
				ENABLE_TESTABILITY = YES;
				GCC_C_LANGUAGE_STANDARD = gnu11;
				GCC_DYNAMIC_NO_PIC = NO;
				GCC_NO_COMMON_BLOCKS = YES;
				GCC_OPTIMIZATION_LEVEL = 0;
				GCC_PREPROCESSOR_DEFINITIONS = (
					"DEBUG=1",
					"$(inherited)",
				);
				GCC_WARN_64_TO_32_BIT_CONVERSION = YES;
				GCC_WARN_ABOUT_RETURN_TYPE = YES_ERROR;
				GCC_WARN_UNDECLARED_SELECTOR = YES;
				GCC_WARN_UNINITIALIZED_AUTOS = YES_AGGRESSIVE;
				GCC_WARN_UNUSED_FUNCTION = YES;
				GCC_WARN_UNUSED_VARIABLE = YES;
				MTL_ENABLE_DEBUG_INFO = INCLUDE_SOURCE;
				MTL_FAST_MATH = YES;
				ONLY_ACTIVE_ARCH = YES;
				SWIFT_ACTIVE_COMPILATION_CONDITIONS = DEBUG;
				SWIFT_OPTIMIZATION_LEVEL = "-Onone";
			};
			name = Debug;
		};
		EF9626702A5D75F400779FD6 /* Release */ = {
			isa = XCBuildConfiguration;
			buildSettings = {
				ALWAYS_SEARCH_USER_PATHS = NO;
				CLANG_ANALYZER_NONNULL = YES;
				CLANG_ANALYZER_NUMBER_OBJECT_CONVERSION = YES_AGGRESSIVE;
				CLANG_CXX_LANGUAGE_STANDARD = "gnu++20";
				CLANG_ENABLE_MODULES = YES;
				CLANG_ENABLE_OBJC_ARC = YES;
				CLANG_ENABLE_OBJC_WEAK = YES;
				CLANG_WARN_BLOCK_CAPTURE_AUTORELEASING = YES;
				CLANG_WARN_BOOL_CONVERSION = YES;
				CLANG_WARN_COMMA = YES;
				CLANG_WARN_CONSTANT_CONVERSION = YES;
				CLANG_WARN_DEPRECATED_OBJC_IMPLEMENTATIONS = YES;
				CLANG_WARN_DIRECT_OBJC_ISA_USAGE = YES_ERROR;
				CLANG_WARN_DOCUMENTATION_COMMENTS = YES;
				CLANG_WARN_EMPTY_BODY = YES;
				CLANG_WARN_ENUM_CONVERSION = YES;
				CLANG_WARN_INFINITE_RECURSION = YES;
				CLANG_WARN_INT_CONVERSION = YES;
				CLANG_WARN_NON_LITERAL_NULL_CONVERSION = YES;
				CLANG_WARN_OBJC_IMPLICIT_RETAIN_SELF = YES;
				CLANG_WARN_OBJC_LITERAL_CONVERSION = YES;
				CLANG_WARN_OBJC_ROOT_CLASS = YES_ERROR;
				CLANG_WARN_QUOTED_INCLUDE_IN_FRAMEWORK_HEADER = YES;
				CLANG_WARN_RANGE_LOOP_ANALYSIS = YES;
				CLANG_WARN_STRICT_PROTOTYPES = YES;
				CLANG_WARN_SUSPICIOUS_MOVE = YES;
				CLANG_WARN_UNGUARDED_AVAILABILITY = YES_AGGRESSIVE;
				CLANG_WARN_UNREACHABLE_CODE = YES;
				CLANG_WARN__DUPLICATE_METHOD_MATCH = YES;
				COPY_PHASE_STRIP = NO;
				DEBUG_INFORMATION_FORMAT = "dwarf-with-dsym";
				ENABLE_NS_ASSERTIONS = NO;
				ENABLE_STRICT_OBJC_MSGSEND = YES;
				GCC_C_LANGUAGE_STANDARD = gnu11;
				GCC_NO_COMMON_BLOCKS = YES;
				GCC_WARN_64_TO_32_BIT_CONVERSION = YES;
				GCC_WARN_ABOUT_RETURN_TYPE = YES_ERROR;
				GCC_WARN_UNDECLARED_SELECTOR = YES;
				GCC_WARN_UNINITIALIZED_AUTOS = YES_AGGRESSIVE;
				GCC_WARN_UNUSED_FUNCTION = YES;
				GCC_WARN_UNUSED_VARIABLE = YES;
				MTL_ENABLE_DEBUG_INFO = NO;
				MTL_FAST_MATH = YES;
				SWIFT_COMPILATION_MODE = wholemodule;
				SWIFT_OPTIMIZATION_LEVEL = "-O";
			};
			name = Release;
		};
		EF9626722A5D75F400779FD6 /* Debug */ = {
			isa = XCBuildConfiguration;
			buildSettings = {
				ASSETCATALOG_COMPILER_APPICON_NAME = AppIcon;
				ASSETCATALOG_COMPILER_GLOBAL_ACCENT_COLOR_NAME = AccentColor;
				CODE_SIGN_ENTITLEMENTS = "HealthKitStudy Watch App/HealthKitStudy Watch App.entitlements";
				CODE_SIGN_STYLE = Automatic;
				CURRENT_PROJECT_VERSION = 1;
				DEVELOPMENT_ASSET_PATHS = "\"HealthKitStudy Watch App/Preview Content\"";
				ENABLE_PREVIEWS = YES;
				GENERATE_INFOPLIST_FILE = YES;
				INFOPLIST_FILE = "HealthKitStudy-Watch-App-Info.plist";
				INFOPLIST_KEY_CFBundleDisplayName = HealthKitStudy;
				INFOPLIST_KEY_UISupportedInterfaceOrientations = "UIInterfaceOrientationPortrait UIInterfaceOrientationPortraitUpsideDown";
				INFOPLIST_KEY_WKCompanionAppBundleIdentifier = "";
				LD_RUNPATH_SEARCH_PATHS = (
					"$(inherited)",
					"@executable_path/Frameworks",
				);
				MARKETING_VERSION = 1.0;
				PRODUCT_BUNDLE_IDENTIFIER = .watchkitapp;
				PRODUCT_NAME = "$(TARGET_NAME)";
				SDKROOT = watchos;
				SKIP_INSTALL = YES;
				SWIFT_EMIT_LOC_STRINGS = YES;
				SWIFT_VERSION = 5.0;
				TARGETED_DEVICE_FAMILY = 4;
				WATCHOS_DEPLOYMENT_TARGET = 9.4;
			};
			name = Debug;
		};
		EF9626732A5D75F400779FD6 /* Release */ = {
			isa = XCBuildConfiguration;
			buildSettings = {
				ASSETCATALOG_COMPILER_APPICON_NAME = AppIcon;
				ASSETCATALOG_COMPILER_GLOBAL_ACCENT_COLOR_NAME = AccentColor;
				CODE_SIGN_ENTITLEMENTS = "HealthKitStudy Watch App/HealthKitStudy Watch App.entitlements";
				CODE_SIGN_STYLE = Automatic;
				CURRENT_PROJECT_VERSION = 1;
				DEVELOPMENT_ASSET_PATHS = "\"HealthKitStudy Watch App/Preview Content\"";
				ENABLE_PREVIEWS = YES;
				GENERATE_INFOPLIST_FILE = YES;
				INFOPLIST_FILE = "HealthKitStudy-Watch-App-Info.plist";
				INFOPLIST_KEY_CFBundleDisplayName = HealthKitStudy;
				INFOPLIST_KEY_UISupportedInterfaceOrientations = "UIInterfaceOrientationPortrait UIInterfaceOrientationPortraitUpsideDown";
				INFOPLIST_KEY_WKCompanionAppBundleIdentifier = "";
				LD_RUNPATH_SEARCH_PATHS = (
					"$(inherited)",
					"@executable_path/Frameworks",
				);
				MARKETING_VERSION = 1.0;
				PRODUCT_BUNDLE_IDENTIFIER = .watchkitapp;
				PRODUCT_NAME = "$(TARGET_NAME)";
				SDKROOT = watchos;
				SKIP_INSTALL = YES;
				SWIFT_EMIT_LOC_STRINGS = YES;
				SWIFT_VERSION = 5.0;
				TARGETED_DEVICE_FAMILY = 4;
				VALIDATE_PRODUCT = YES;
				WATCHOS_DEPLOYMENT_TARGET = 9.4;
			};
			name = Release;
		};
/* End XCBuildConfiguration section */

/* Begin XCConfigurationList section */
		EF96265E2A5D75F300779FD6 /* Build configuration list for PBXProject "HealthKitStudy" */ = {
			isa = XCConfigurationList;
			buildConfigurations = (
				EF96266F2A5D75F400779FD6 /* Debug */,
				EF9626702A5D75F400779FD6 /* Release */,
			);
			defaultConfigurationIsVisible = 0;
			defaultConfigurationName = Release;
		};
		EF9626712A5D75F400779FD6 /* Build configuration list for PBXNativeTarget "HealthKitStudy Watch App" */ = {
			isa = XCConfigurationList;
			buildConfigurations = (
				EF9626722A5D75F400779FD6 /* Debug */,
				EF9626732A5D75F400779FD6 /* Release */,
			);
			defaultConfigurationIsVisible = 0;
			defaultConfigurationName = Release;
		};
/* End XCConfigurationList section */
	};
	rootObject = EF96265B2A5D75F300779FD6 /* Project object */;
}
